{
  "requires": true,
  "lockfileVersion": 1,
  "dependencies": {
    "react-alice-carousel": {
      "version": "2.5.1",
      "resolved": "https://registry.npmjs.org/react-alice-carousel/-/react-alice-carousel-2.5.1.tgz",
      "integrity": "sha512-UeAd+O83TEiCxbDMMd9xAOLRr+xPNFPai9W6cNQgmIfEBgOiKDdntpTnhhwfXKoirXxQcbPlg9eG7FG9D1M4SA==",
      "requires": {
        "vanilla-swipe": "^2.2.0"
      }
    },
    "react-simple-image-slider": {
      "version": "2.4.1",
      "resolved": "https://registry.npmjs.org/react-simple-image-slider/-/react-simple-image-slider-2.4.1.tgz",
      "integrity": "sha512-9T/WjsRThJup43QxzH202rLVNqaUK9P8izTiWOfLcc5w3QygU44a9IQUuIwGYiXtWvw2spRRGLRc5Xd62/vfDg=="
    },
    "vanilla-swipe": {
      "version": "2.4.0",
      "resolved": "https://registry.npmjs.org/vanilla-swipe/-/vanilla-swipe-2.4.0.tgz",
      "integrity": "sha512-EdZdBWhPQvKz8DWHRXEHxsbJnU5wWKXrXblOV9ENElDnEK3tPkrBlAYK1pgPeuUb8k2DPQEK3tFi6W4cMZgUAg=="
    }
  }
}
